
Microsoft Visual Studio Solution File, Format Version 12.00
# Visual Studio Version 17
VisualStudioVersion = 17.13.35919.96
MinimumVisualStudioVersion = 10.0.40219.1
Project("{2150E333-8FDC-42A3-9474-1A3956D46DE8}") = "src", "src", "{02EA681E-C7D8-13C7-8484-4AC65E1B71E8}"
EndProject
Project("{2150E333-8FDC-42A3-9474-1A3956D46DE8}") = "test", "test", "{ED029821-3C2D-4F04-BED4-45D85B8B4F18}"
EndProject
Project("{2150E333-8FDC-42A3-9474-1A3956D46DE8}") = "Shared", "Shared", "{765311E6-209A-45A1-B18A-2311B529D5D6}"
EndProject
Project("{2150E333-8FDC-42A3-9474-1A3956D46DE8}") = "Domain", "Domain", "{60394EDB-B597-45FD-BF85-371A6C87C08F}"
EndProject
Project("{2150E333-8FDC-42A3-9474-1A3956D46DE8}") = "Application", "Application", "{C5FC7B19-726E-4A98-B0AC-7453FB8C14D0}"
EndProject
Project("{2150E333-8FDC-42A3-9474-1A3956D46DE8}") = "Infrastrucutre", "Infrastrucutre", "{9A2BE73C-03C5-4429-B838-01AB687653E3}"
EndProject
Project("{2150E333-8FDC-42A3-9474-1A3956D46DE8}") = "UI", "UI", "{F467F488-E4CC-4EF4-8211-32E630F0408D}"
EndProject
Project("{2150E333-8FDC-42A3-9474-1A3956D46DE8}") = "API", "API", "{7F8B9425-A9CA-4844-AEC7-15BB2DB4B263}"
EndProject
Project("{FAE04EC0-301F-11D3-BF4B-00C04F79EFBC}") = "TestNest.Admin.SharedLibrary", "TestNest.Admin.SharedLibrary\TestNest.Admin.SharedLibrary.csproj", "{83FB1606-AD0D-439B-BB7F-4E9437D40D7E}"
EndProject
Project("{FAE04EC0-301F-11D3-BF4B-00C04F79EFBC}") = "TestNest.Admin.Domain", "TestNest.Admin.Domain\TestNest.Admin.Domain.csproj", "{4C22A7AB-4BA4-4FBD-A57B-C86FB19D0AF1}"
EndProject
Project("{FAE04EC0-301F-11D3-BF4B-00C04F79EFBC}") = "TestNest.Admin.Application", "TestNest.Admin.Application\TestNest.Admin.Application.csproj", "{A1794E7D-9B54-4285-85C9-DAB524A1FDF6}"
EndProject
Project("{FAE04EC0-301F-11D3-BF4B-00C04F79EFBC}") = "TestNest.Admin.API", "TestNest.Admin.API\TestNest.Admin.API.csproj", "{731F3B01-3C39-4E47-B09E-FFA3F9AE567E}"
EndProject
Project("{2150E333-8FDC-42A3-9474-1A3956D46DE8}") = "Shared", "Shared", "{C31A7301-D15A-4EE7-A842-882D9B6F2BEA}"
EndProject
Project("{FAE04EC0-301F-11D3-BF4B-00C04F79EFBC}") = "TestNest.Admin.SharedLibrary.Test", "TestNest.Admin.SharedLibrary.Test\TestNest.Admin.SharedLibrary.Test.csproj", "{1DE09CB7-4B49-49DB-B38C-C89E956B8083}"
EndProject
Project("{FAE04EC0-301F-11D3-BF4B-00C04F79EFBC}") = "TestNest.Admin.Infrastructure", "TestNest.Admin.Infrastructure\TestNest.Admin.Infrastructure.csproj", "{51EC81D4-6193-2458-0846-9E961393B177}"
EndProject
Project("{2150E333-8FDC-42A3-9474-1A3956D46DE8}") = "Solution Items", "Solution Items", "{2A00BF9B-D817-41B4-864A-2F4CD0296F21}"
	ProjectSection(SolutionItems) = preProject
		.editorconfig = .editorconfig
		Directory.Build.props = Directory.Build.props
		Directory.Packages.props = Directory.Packages.props
		docker-compose.yml = docker-compose.yml
		README.md = README.md
	EndProjectSection
EndProject
Project("{2150E333-8FDC-42A3-9474-1A3956D46DE8}") = "Domain", "Domain", "{FBD2B64B-FB52-483E-8AC3-A08834F53BB8}"
EndProject
Project("{FAE04EC0-301F-11D3-BF4B-00C04F79EFBC}") = "TestAdmin.Admin.DomainTest", "TestAdmin.Admin.DomainTest\TestAdmin.Admin.DomainTest.csproj", "{57E68EBA-E142-4DEB-8F4C-73A3095AC954}"
EndProject
Project("{2150E333-8FDC-42A3-9474-1A3956D46DE8}") = "Application", "Application", "{0F19BF84-C4A3-4FE7-B8E9-6E0129D0BB76}"
EndProject
Project("{FAE04EC0-301F-11D3-BF4B-00C04F79EFBC}") = "TestNest.Admin.Application.Tests", "TestNest.Admin.Application.Tests\TestNest.Admin.Application.Tests.csproj", "{19B5FBF2-EF2B-47ED-A3B4-88643256829A}"
EndProject
Project("{2150E333-8FDC-42A3-9474-1A3956D46DE8}") = "ArchitecturalTest", "ArchitecturalTest", "{2061E354-95F6-4DD2-A891-A8B29D10899B}"
EndProject
Project("{FAE04EC0-301F-11D3-BF4B-00C04F79EFBC}") = "TestNext.Admin.ArchitecturalTest", "TestNext.Admin.ArchitecturalTest\TestNext.Admin.ArchitecturalTest.csproj", "{E85971E3-25DA-429B-AE81-02DE11C19BB3}"
EndProject
Project("{2150E333-8FDC-42A3-9474-1A3956D46DE8}") = "Infrastructures", "Infrastructures", "{3F84ADED-6D66-471F-B4CD-64EE9277395A}"
EndProject
Project("{FAE04EC0-301F-11D3-BF4B-00C04F79EFBC}") = "TestNest.Admin.InfrastructureTests", "TestNest.Admin.InfrastructureTests\TestNest.Admin.InfrastructureTests.csproj", "{214138AD-DC43-40F4-B032-56D08368F42C}"
EndProject
Global
	GlobalSection(SolutionConfigurationPlatforms) = preSolution
		Debug|Any CPU = Debug|Any CPU
		Release|Any CPU = Release|Any CPU
	EndGlobalSection
	GlobalSection(ProjectConfigurationPlatforms) = postSolution
		{83FB1606-AD0D-439B-BB7F-4E9437D40D7E}.Debug|Any CPU.ActiveCfg = Debug|Any CPU
		{83FB1606-AD0D-439B-BB7F-4E9437D40D7E}.Debug|Any CPU.Build.0 = Debug|Any CPU
		{83FB1606-AD0D-439B-BB7F-4E9437D40D7E}.Release|Any CPU.ActiveCfg = Release|Any CPU
		{83FB1606-AD0D-439B-BB7F-4E9437D40D7E}.Release|Any CPU.Build.0 = Release|Any CPU
		{4C22A7AB-4BA4-4FBD-A57B-C86FB19D0AF1}.Debug|Any CPU.ActiveCfg = Debug|Any CPU
		{4C22A7AB-4BA4-4FBD-A57B-C86FB19D0AF1}.Debug|Any CPU.Build.0 = Debug|Any CPU
		{4C22A7AB-4BA4-4FBD-A57B-C86FB19D0AF1}.Release|Any CPU.ActiveCfg = Release|Any CPU
		{4C22A7AB-4BA4-4FBD-A57B-C86FB19D0AF1}.Release|Any CPU.Build.0 = Release|Any CPU
		{A1794E7D-9B54-4285-85C9-DAB524A1FDF6}.Debug|Any CPU.ActiveCfg = Debug|Any CPU
		{A1794E7D-9B54-4285-85C9-DAB524A1FDF6}.Debug|Any CPU.Build.0 = Debug|Any CPU
		{A1794E7D-9B54-4285-85C9-DAB524A1FDF6}.Release|Any CPU.ActiveCfg = Release|Any CPU
		{A1794E7D-9B54-4285-85C9-DAB524A1FDF6}.Release|Any CPU.Build.0 = Release|Any CPU
		{731F3B01-3C39-4E47-B09E-FFA3F9AE567E}.Debug|Any CPU.ActiveCfg = Debug|Any CPU
		{731F3B01-3C39-4E47-B09E-FFA3F9AE567E}.Debug|Any CPU.Build.0 = Debug|Any CPU
		{731F3B01-3C39-4E47-B09E-FFA3F9AE567E}.Release|Any CPU.ActiveCfg = Release|Any CPU
		{731F3B01-3C39-4E47-B09E-FFA3F9AE567E}.Release|Any CPU.Build.0 = Release|Any CPU
		{1DE09CB7-4B49-49DB-B38C-C89E956B8083}.Debug|Any CPU.ActiveCfg = Debug|Any CPU
		{1DE09CB7-4B49-49DB-B38C-C89E956B8083}.Debug|Any CPU.Build.0 = Debug|Any CPU
		{1DE09CB7-4B49-49DB-B38C-C89E956B8083}.Release|Any CPU.ActiveCfg = Release|Any CPU
		{1DE09CB7-4B49-49DB-B38C-C89E956B8083}.Release|Any CPU.Build.0 = Release|Any CPU
		{51EC81D4-6193-2458-0846-9E961393B177}.Debug|Any CPU.ActiveCfg = Debug|Any CPU
		{51EC81D4-6193-2458-0846-9E961393B177}.Debug|Any CPU.Build.0 = Debug|Any CPU
		{51EC81D4-6193-2458-0846-9E961393B177}.Release|Any CPU.ActiveCfg = Release|Any CPU
		{51EC81D4-6193-2458-0846-9E961393B177}.Release|Any CPU.Build.0 = Release|Any CPU
		{57E68EBA-E142-4DEB-8F4C-73A3095AC954}.Debug|Any CPU.ActiveCfg = Debug|Any CPU
		{57E68EBA-E142-4DEB-8F4C-73A3095AC954}.Debug|Any CPU.Build.0 = Debug|Any CPU
		{57E68EBA-E142-4DEB-8F4C-73A3095AC954}.Release|Any CPU.ActiveCfg = Release|Any CPU
		{57E68EBA-E142-4DEB-8F4C-73A3095AC954}.Release|Any CPU.Build.0 = Release|Any CPU
		{19B5FBF2-EF2B-47ED-A3B4-88643256829A}.Debug|Any CPU.ActiveCfg = Debug|Any CPU
		{19B5FBF2-EF2B-47ED-A3B4-88643256829A}.Debug|Any CPU.Build.0 = Debug|Any CPU
		{19B5FBF2-EF2B-47ED-A3B4-88643256829A}.Release|Any CPU.ActiveCfg = Release|Any CPU
		{19B5FBF2-EF2B-47ED-A3B4-88643256829A}.Release|Any CPU.Build.0 = Release|Any CPU
		{E85971E3-25DA-429B-AE81-02DE11C19BB3}.Debug|Any CPU.ActiveCfg = Debug|Any CPU
		{E85971E3-25DA-429B-AE81-02DE11C19BB3}.Debug|Any CPU.Build.0 = Debug|Any CPU
		{E85971E3-25DA-429B-AE81-02DE11C19BB3}.Release|Any CPU.ActiveCfg = Release|Any CPU
		{E85971E3-25DA-429B-AE81-02DE11C19BB3}.Release|Any CPU.Build.0 = Release|Any CPU
		{214138AD-DC43-40F4-B032-56D08368F42C}.Debug|Any CPU.ActiveCfg = Debug|Any CPU
		{214138AD-DC43-40F4-B032-56D08368F42C}.Debug|Any CPU.Build.0 = Debug|Any CPU
		{214138AD-DC43-40F4-B032-56D08368F42C}.Release|Any CPU.ActiveCfg = Release|Any CPU
		{214138AD-DC43-40F4-B032-56D08368F42C}.Release|Any CPU.Build.0 = Release|Any CPU
	EndGlobalSection
	GlobalSection(SolutionProperties) = preSolution
		HideSolutionNode = FALSE
	EndGlobalSection
	GlobalSection(NestedProjects) = preSolution
		{765311E6-209A-45A1-B18A-2311B529D5D6} = {02EA681E-C7D8-13C7-8484-4AC65E1B71E8}
		{60394EDB-B597-45FD-BF85-371A6C87C08F} = {02EA681E-C7D8-13C7-8484-4AC65E1B71E8}
		{C5FC7B19-726E-4A98-B0AC-7453FB8C14D0} = {02EA681E-C7D8-13C7-8484-4AC65E1B71E8}
		{9A2BE73C-03C5-4429-B838-01AB687653E3} = {02EA681E-C7D8-13C7-8484-4AC65E1B71E8}
		{F467F488-E4CC-4EF4-8211-32E630F0408D} = {02EA681E-C7D8-13C7-8484-4AC65E1B71E8}
		{7F8B9425-A9CA-4844-AEC7-15BB2DB4B263} = {02EA681E-C7D8-13C7-8484-4AC65E1B71E8}
		{83FB1606-AD0D-439B-BB7F-4E9437D40D7E} = {765311E6-209A-45A1-B18A-2311B529D5D6}
		{4C22A7AB-4BA4-4FBD-A57B-C86FB19D0AF1} = {60394EDB-B597-45FD-BF85-371A6C87C08F}
		{A1794E7D-9B54-4285-85C9-DAB524A1FDF6} = {C5FC7B19-726E-4A98-B0AC-7453FB8C14D0}
		{731F3B01-3C39-4E47-B09E-FFA3F9AE567E} = {7F8B9425-A9CA-4844-AEC7-15BB2DB4B263}
		{C31A7301-D15A-4EE7-A842-882D9B6F2BEA} = {ED029821-3C2D-4F04-BED4-45D85B8B4F18}
		{1DE09CB7-4B49-49DB-B38C-C89E956B8083} = {C31A7301-D15A-4EE7-A842-882D9B6F2BEA}
		{51EC81D4-6193-2458-0846-9E961393B177} = {9A2BE73C-03C5-4429-B838-01AB687653E3}
		{FBD2B64B-FB52-483E-8AC3-A08834F53BB8} = {ED029821-3C2D-4F04-BED4-45D85B8B4F18}
		{57E68EBA-E142-4DEB-8F4C-73A3095AC954} = {FBD2B64B-FB52-483E-8AC3-A08834F53BB8}
		{0F19BF84-C4A3-4FE7-B8E9-6E0129D0BB76} = {ED029821-3C2D-4F04-BED4-45D85B8B4F18}
		{19B5FBF2-EF2B-47ED-A3B4-88643256829A} = {0F19BF84-C4A3-4FE7-B8E9-6E0129D0BB76}
		{2061E354-95F6-4DD2-A891-A8B29D10899B} = {ED029821-3C2D-4F04-BED4-45D85B8B4F18}
		{E85971E3-25DA-429B-AE81-02DE11C19BB3} = {2061E354-95F6-4DD2-A891-A8B29D10899B}
		{3F84ADED-6D66-471F-B4CD-64EE9277395A} = {ED029821-3C2D-4F04-BED4-45D85B8B4F18}
		{214138AD-DC43-40F4-B032-56D08368F42C} = {3F84ADED-6D66-471F-B4CD-64EE9277395A}
	EndGlobalSection
	GlobalSection(ExtensibilityGlobals) = postSolution
		SolutionGuid = {80019DF3-2D6D-4172-8C81-E29E39A9B0AE}
	EndGlobalSection
EndGlobal
